
Microsoft Visual Studio Solution File, Format Version 12.00
# Visual Studio 15
VisualStudioVersion = 15.0.27004.2010
MinimumVisualStudioVersion = 10.0.40219.1
Project("{FAE04EC0-301F-11D3-BF4B-00C04F79EFBC}") = "Robots", "Robots\Robots.csproj", "{FB232DD5-CAB4-4174-9DF2-854A1A3315CD}"
EndProject
Global
	GlobalSection(SolutionConfigurationPlatforms) = preSolution
		Debug|Any CPU = Debug|Any CPU
		Release|Any CPU = Release|Any CPU
	EndGlobalSection
	GlobalSection(ProjectConfigurationPlatforms) = postSolution
		{FB232DD5-CAB4-4174-9DF2-854A1A3315CD}.Debug|Any CPU.ActiveCfg = Debug|Any CPU
		{FB232DD5-CAB4-4174-9DF2-854A1A3315CD}.Debug|Any CPU.Build.0 = Debug|Any CPU
		{FB232DD5-CAB4-4174-9DF2-854A1A3315CD}.Release|Any CPU.ActiveCfg = Release|Any CPU
		{FB232DD5-CAB4-4174-9DF2-854A1A3315CD}.Release|Any CPU.Build.0 = Release|Any CPU
	EndGlobalSection
	GlobalSection(SolutionProperties) = preSolution
		HideSolutionNode = FALSE
	EndGlobalSection
	GlobalSection(ExtensibilityGlobals) = postSolution
		SolutionGuid = {3A30D4B1-C257-47C8-8038-F1DA8F1ED819}
	EndGlobalSection
EndGlobal
